
Microsoft Visual Studio Solution File, Format Version 12.00
# Visual Studio 15
VisualStudioVersion = 15.0.26730.16
MinimumVisualStudioVersion = 10.0.40219.1
Project("{FAE04EC0-301F-11D3-BF4B-00C04F79EFBC}") = "If2", "If2\If2.csproj", "{609E93E5-2716-4A73-861E-29DB9F8651FB}"
EndProject
Global
	GlobalSection(SolutionConfigurationPlatforms) = preSolution
		Debug|Any CPU = Debug|Any CPU
		Release|Any CPU = Release|Any CPU
	EndGlobalSection
	GlobalSection(ProjectConfigurationPlatforms) = postSolution
		{609E93E5-2716-4A73-861E-29DB9F8651FB}.Debug|Any CPU.ActiveCfg = Debug|Any CPU
		{609E93E5-2716-4A73-861E-29DB9F8651FB}.Debug|Any CPU.Build.0 = Debug|Any CPU
		{609E93E5-2716-4A73-861E-29DB9F8651FB}.Release|Any CPU.ActiveCfg = Release|Any CPU
		{609E93E5-2716-4A73-861E-29DB9F8651FB}.Release|Any CPU.Build.0 = Release|Any CPU
	EndGlobalSection
	GlobalSection(SolutionProperties) = preSolution
		HideSolutionNode = FALSE
	EndGlobalSection
	GlobalSection(ExtensibilityGlobals) = postSolution
		SolutionGuid = {BFF49379-520A-4F9A-92F5-C165526CA3D7}
	EndGlobalSection
EndGlobal
