
Microsoft Visual Studio Solution File, Format Version 12.00
# Visual Studio 15
VisualStudioVersion = 15.0.26730.16
MinimumVisualStudioVersion = 10.0.40219.1
Project("{FAE04EC0-301F-11D3-BF4B-00C04F79EFBC}") = "Kertaus", "Kertaus\Kertaus.csproj", "{B1649C99-80FB-4B1C-B0FC-CE6ACDCAABA2}"
EndProject
Project("{FAE04EC0-301F-11D3-BF4B-00C04F79EFBC}") = "Kertaus2", "..\Kertaus2\Kertaus2.csproj", "{2510E17A-3E26-4FCD-A01E-365F13C0D41C}"
EndProject
Project("{FAE04EC0-301F-11D3-BF4B-00C04F79EFBC}") = "Kertaus3", "Kertaus3\Kertaus3.csproj", "{710CE30E-102F-4F4D-962C-67485546681D}"
EndProject
Global
	GlobalSection(SolutionConfigurationPlatforms) = preSolution
		Debug|Any CPU = Debug|Any CPU
		Release|Any CPU = Release|Any CPU
	EndGlobalSection
	GlobalSection(ProjectConfigurationPlatforms) = postSolution
		{B1649C99-80FB-4B1C-B0FC-CE6ACDCAABA2}.Debug|Any CPU.ActiveCfg = Debug|Any CPU
		{B1649C99-80FB-4B1C-B0FC-CE6ACDCAABA2}.Debug|Any CPU.Build.0 = Debug|Any CPU
		{B1649C99-80FB-4B1C-B0FC-CE6ACDCAABA2}.Release|Any CPU.ActiveCfg = Release|Any CPU
		{B1649C99-80FB-4B1C-B0FC-CE6ACDCAABA2}.Release|Any CPU.Build.0 = Release|Any CPU
		{2510E17A-3E26-4FCD-A01E-365F13C0D41C}.Debug|Any CPU.ActiveCfg = Debug|Any CPU
		{2510E17A-3E26-4FCD-A01E-365F13C0D41C}.Debug|Any CPU.Build.0 = Debug|Any CPU
		{2510E17A-3E26-4FCD-A01E-365F13C0D41C}.Release|Any CPU.ActiveCfg = Release|Any CPU
		{2510E17A-3E26-4FCD-A01E-365F13C0D41C}.Release|Any CPU.Build.0 = Release|Any CPU
		{710CE30E-102F-4F4D-962C-67485546681D}.Debug|Any CPU.ActiveCfg = Debug|Any CPU
		{710CE30E-102F-4F4D-962C-67485546681D}.Debug|Any CPU.Build.0 = Debug|Any CPU
		{710CE30E-102F-4F4D-962C-67485546681D}.Release|Any CPU.ActiveCfg = Release|Any CPU
		{710CE30E-102F-4F4D-962C-67485546681D}.Release|Any CPU.Build.0 = Release|Any CPU
	EndGlobalSection
	GlobalSection(SolutionProperties) = preSolution
		HideSolutionNode = FALSE
	EndGlobalSection
	GlobalSection(ExtensibilityGlobals) = postSolution
		SolutionGuid = {5C7FCD6B-BF89-4A78-B62E-3F4570362011}
	EndGlobalSection
EndGlobal
