
Microsoft Visual Studio Solution File, Format Version 12.00
# Visual Studio 15
VisualStudioVersion = 15.0.26730.16
MinimumVisualStudioVersion = 10.0.40219.1
Project("{9A19103F-16F7-4668-BE54-9A1E7A4F7556}") = "taulukko-1", "taulukko-1\taulukko-1.csproj", "{A5451F36-A6FE-499F-B3EA-8B0672F2D7DE}"
EndProject
Project("{9A19103F-16F7-4668-BE54-9A1E7A4F7556}") = "lotto", "..\lotto\lotto.csproj", "{4056CCE5-BB68-4599-9AA8-E7A010A7C3A7}"
EndProject
Project("{FAE04EC0-301F-11D3-BF4B-00C04F79EFBC}") = "Taulukko-3", "Taulukko-3\Taulukko-3.csproj", "{937A944B-CDB0-44C6-8E40-C0AF7685DD65}"
EndProject
Project("{FAE04EC0-301F-11D3-BF4B-00C04F79EFBC}") = "taulukko-4", "taulukko-4\taulukko-4.csproj", "{F00736B2-B00E-45C0-B15A-F02D3591B8AF}"
EndProject
Global
	GlobalSection(SolutionConfigurationPlatforms) = preSolution
		Debug|Any CPU = Debug|Any CPU
		Release|Any CPU = Release|Any CPU
	EndGlobalSection
	GlobalSection(ProjectConfigurationPlatforms) = postSolution
		{A5451F36-A6FE-499F-B3EA-8B0672F2D7DE}.Debug|Any CPU.ActiveCfg = Debug|Any CPU
		{A5451F36-A6FE-499F-B3EA-8B0672F2D7DE}.Debug|Any CPU.Build.0 = Debug|Any CPU
		{A5451F36-A6FE-499F-B3EA-8B0672F2D7DE}.Release|Any CPU.ActiveCfg = Release|Any CPU
		{A5451F36-A6FE-499F-B3EA-8B0672F2D7DE}.Release|Any CPU.Build.0 = Release|Any CPU
		{4056CCE5-BB68-4599-9AA8-E7A010A7C3A7}.Debug|Any CPU.ActiveCfg = Debug|Any CPU
		{4056CCE5-BB68-4599-9AA8-E7A010A7C3A7}.Debug|Any CPU.Build.0 = Debug|Any CPU
		{4056CCE5-BB68-4599-9AA8-E7A010A7C3A7}.Release|Any CPU.ActiveCfg = Release|Any CPU
		{4056CCE5-BB68-4599-9AA8-E7A010A7C3A7}.Release|Any CPU.Build.0 = Release|Any CPU
		{937A944B-CDB0-44C6-8E40-C0AF7685DD65}.Debug|Any CPU.ActiveCfg = Debug|Any CPU
		{937A944B-CDB0-44C6-8E40-C0AF7685DD65}.Debug|Any CPU.Build.0 = Debug|Any CPU
		{937A944B-CDB0-44C6-8E40-C0AF7685DD65}.Release|Any CPU.ActiveCfg = Release|Any CPU
		{937A944B-CDB0-44C6-8E40-C0AF7685DD65}.Release|Any CPU.Build.0 = Release|Any CPU
		{F00736B2-B00E-45C0-B15A-F02D3591B8AF}.Debug|Any CPU.ActiveCfg = Debug|Any CPU
		{F00736B2-B00E-45C0-B15A-F02D3591B8AF}.Debug|Any CPU.Build.0 = Debug|Any CPU
		{F00736B2-B00E-45C0-B15A-F02D3591B8AF}.Release|Any CPU.ActiveCfg = Release|Any CPU
		{F00736B2-B00E-45C0-B15A-F02D3591B8AF}.Release|Any CPU.Build.0 = Release|Any CPU
	EndGlobalSection
	GlobalSection(SolutionProperties) = preSolution
		HideSolutionNode = FALSE
	EndGlobalSection
	GlobalSection(ExtensibilityGlobals) = postSolution
		SolutionGuid = {0A9F91B0-DE99-437F-BAA8-DAAE16FCAC35}
	EndGlobalSection
EndGlobal
